
Microsoft Visual Studio Solution File, Format Version 12.00
# Visual Studio Version 17
VisualStudioVersion = 17.7.34031.279
MinimumVisualStudioVersion = 10.0.40219.1
Project("{8BC9CEB8-8B4A-11D0-8D11-00A0C91BC942}") = "peopleStruct", "peopleStruct\peopleStruct.vcxproj", "{FF55B87F-CCFD-4992-A85A-71D860A3B572}"
EndProject
Global
	GlobalSection(SolutionConfigurationPlatforms) = preSolution
		Debug|x64 = Debug|x64
		Debug|x86 = Debug|x86
		Release|x64 = Release|x64
		Release|x86 = Release|x86
	EndGlobalSection
	GlobalSection(ProjectConfigurationPlatforms) = postSolution
		{FF55B87F-CCFD-4992-A85A-71D860A3B572}.Debug|x64.ActiveCfg = Debug|x64
		{FF55B87F-CCFD-4992-A85A-71D860A3B572}.Debug|x64.Build.0 = Debug|x64
		{FF55B87F-CCFD-4992-A85A-71D860A3B572}.Debug|x86.ActiveCfg = Debug|Win32
		{FF55B87F-CCFD-4992-A85A-71D860A3B572}.Debug|x86.Build.0 = Debug|Win32
		{FF55B87F-CCFD-4992-A85A-71D860A3B572}.Release|x64.ActiveCfg = Release|x64
		{FF55B87F-CCFD-4992-A85A-71D860A3B572}.Release|x64.Build.0 = Release|x64
		{FF55B87F-CCFD-4992-A85A-71D860A3B572}.Release|x86.ActiveCfg = Release|Win32
		{FF55B87F-CCFD-4992-A85A-71D860A3B572}.Release|x86.Build.0 = Release|Win32
	EndGlobalSection
	GlobalSection(SolutionProperties) = preSolution
		HideSolutionNode = FALSE
	EndGlobalSection
	GlobalSection(ExtensibilityGlobals) = postSolution
		SolutionGuid = {74D782A2-0D39-45FB-9150-3AA039D27DD6}
	EndGlobalSection
EndGlobal
